
Microsoft Visual Studio Solution File, Format Version 12.00
# Visual Studio 15
VisualStudioVersion = 15.0.28307.421
MinimumVisualStudioVersion = 10.0.40219.1
Project("{FAE04EC0-301F-11D3-BF4B-00C04F79EFBC}") = "BlankApp", "BlankApp\BlankApp.csproj", "{1C14B544-5B13-48FB-9BBA-148651EF360A}"
EndProject
Project("{FAE04EC0-301F-11D3-BF4B-00C04F79EFBC}") = "CodeBehind", "CodeBehind\CodeBehind.csproj", "{BF75CC1B-B322-40F3-8A24-D308FFB7DB74}"
EndProject
Project("{9A19103F-16F7-4668-BE54-9A1E7A4F7556}") = "CodeBehind.Core", "CodeBehind.Core\CodeBehind.Core.csproj", "{2622C362-9C16-46BF-8C11-47EB4382095A}"
EndProject
Project("{FAE04EC0-301F-11D3-BF4B-00C04F79EFBC}") = "MVVMLight", "MVVMLight\MVVMLight.csproj", "{FF14C096-194A-4087-8571-275D60C87340}"
EndProject
Project("{9A19103F-16F7-4668-BE54-9A1E7A4F7556}") = "MVVMLight.Core", "MVVMLight.Core\MVVMLight.Core.csproj", "{85AD7B2D-DB8B-4769-A0BD-7EC1455EADC2}"
EndProject
Global
	GlobalSection(SolutionConfigurationPlatforms) = preSolution
		Debug|Any CPU = Debug|Any CPU
		Debug|ARM = Debug|ARM
		Debug|ARM64 = Debug|ARM64
		Debug|x64 = Debug|x64
		Debug|x86 = Debug|x86
		Release|Any CPU = Release|Any CPU
		Release|ARM = Release|ARM
		Release|ARM64 = Release|ARM64
		Release|x64 = Release|x64
		Release|x86 = Release|x86
	EndGlobalSection
	GlobalSection(ProjectConfigurationPlatforms) = postSolution
		{1C14B544-5B13-48FB-9BBA-148651EF360A}.Debug|Any CPU.ActiveCfg = Debug|x86
		{1C14B544-5B13-48FB-9BBA-148651EF360A}.Debug|ARM.ActiveCfg = Debug|ARM
		{1C14B544-5B13-48FB-9BBA-148651EF360A}.Debug|ARM.Build.0 = Debug|ARM
		{1C14B544-5B13-48FB-9BBA-148651EF360A}.Debug|ARM.Deploy.0 = Debug|ARM
		{1C14B544-5B13-48FB-9BBA-148651EF360A}.Debug|ARM64.ActiveCfg = Debug|ARM64
		{1C14B544-5B13-48FB-9BBA-148651EF360A}.Debug|ARM64.Build.0 = Debug|ARM64
		{1C14B544-5B13-48FB-9BBA-148651EF360A}.Debug|ARM64.Deploy.0 = Debug|ARM64
		{1C14B544-5B13-48FB-9BBA-148651EF360A}.Debug|x64.ActiveCfg = Debug|x64
		{1C14B544-5B13-48FB-9BBA-148651EF360A}.Debug|x64.Build.0 = Debug|x64
		{1C14B544-5B13-48FB-9BBA-148651EF360A}.Debug|x64.Deploy.0 = Debug|x64
		{1C14B544-5B13-48FB-9BBA-148651EF360A}.Debug|x86.ActiveCfg = Debug|x86
		{1C14B544-5B13-48FB-9BBA-148651EF360A}.Debug|x86.Build.0 = Debug|x86
		{1C14B544-5B13-48FB-9BBA-148651EF360A}.Debug|x86.Deploy.0 = Debug|x86
		{1C14B544-5B13-48FB-9BBA-148651EF360A}.Release|Any CPU.ActiveCfg = Release|x86
		{1C14B544-5B13-48FB-9BBA-148651EF360A}.Release|ARM.ActiveCfg = Release|ARM
		{1C14B544-5B13-48FB-9BBA-148651EF360A}.Release|ARM.Build.0 = Release|ARM
		{1C14B544-5B13-48FB-9BBA-148651EF360A}.Release|ARM.Deploy.0 = Release|ARM
		{1C14B544-5B13-48FB-9BBA-148651EF360A}.Release|ARM64.ActiveCfg = Release|ARM64
		{1C14B544-5B13-48FB-9BBA-148651EF360A}.Release|ARM64.Build.0 = Release|ARM64
		{1C14B544-5B13-48FB-9BBA-148651EF360A}.Release|ARM64.Deploy.0 = Release|ARM64
		{1C14B544-5B13-48FB-9BBA-148651EF360A}.Release|x64.ActiveCfg = Release|x64
		{1C14B544-5B13-48FB-9BBA-148651EF360A}.Release|x64.Build.0 = Release|x64
		{1C14B544-5B13-48FB-9BBA-148651EF360A}.Release|x64.Deploy.0 = Release|x64
		{1C14B544-5B13-48FB-9BBA-148651EF360A}.Release|x86.ActiveCfg = Release|x86
		{1C14B544-5B13-48FB-9BBA-148651EF360A}.Release|x86.Build.0 = Release|x86
		{1C14B544-5B13-48FB-9BBA-148651EF360A}.Release|x86.Deploy.0 = Release|x86
		{BF75CC1B-B322-40F3-8A24-D308FFB7DB74}.Debug|Any CPU.ActiveCfg = Debug|x86
		{BF75CC1B-B322-40F3-8A24-D308FFB7DB74}.Debug|ARM.ActiveCfg = Debug|ARM
		{BF75CC1B-B322-40F3-8A24-D308FFB7DB74}.Debug|ARM.Build.0 = Debug|ARM
		{BF75CC1B-B322-40F3-8A24-D308FFB7DB74}.Debug|ARM.Deploy.0 = Debug|ARM
		{BF75CC1B-B322-40F3-8A24-D308FFB7DB74}.Debug|ARM64.ActiveCfg = Debug|x86
		{BF75CC1B-B322-40F3-8A24-D308FFB7DB74}.Debug|x64.ActiveCfg = Debug|x64
		{BF75CC1B-B322-40F3-8A24-D308FFB7DB74}.Debug|x64.Build.0 = Debug|x64
		{BF75CC1B-B322-40F3-8A24-D308FFB7DB74}.Debug|x64.Deploy.0 = Debug|x64
		{BF75CC1B-B322-40F3-8A24-D308FFB7DB74}.Debug|x86.ActiveCfg = Debug|x86
		{BF75CC1B-B322-40F3-8A24-D308FFB7DB74}.Debug|x86.Build.0 = Debug|x86
		{BF75CC1B-B322-40F3-8A24-D308FFB7DB74}.Debug|x86.Deploy.0 = Debug|x86
		{BF75CC1B-B322-40F3-8A24-D308FFB7DB74}.Release|Any CPU.ActiveCfg = Release|x86
		{BF75CC1B-B322-40F3-8A24-D308FFB7DB74}.Release|ARM.ActiveCfg = Release|ARM
		{BF75CC1B-B322-40F3-8A24-D308FFB7DB74}.Release|ARM.Build.0 = Release|ARM
		{BF75CC1B-B322-40F3-8A24-D308FFB7DB74}.Release|ARM.Deploy.0 = Release|ARM
		{BF75CC1B-B322-40F3-8A24-D308FFB7DB74}.Release|ARM64.ActiveCfg = Release|x86
		{BF75CC1B-B322-40F3-8A24-D308FFB7DB74}.Release|x64.ActiveCfg = Release|x64
		{BF75CC1B-B322-40F3-8A24-D308FFB7DB74}.Release|x64.Build.0 = Release|x64
		{BF75CC1B-B322-40F3-8A24-D308FFB7DB74}.Release|x64.Deploy.0 = Release|x64
		{BF75CC1B-B322-40F3-8A24-D308FFB7DB74}.Release|x86.ActiveCfg = Release|x86
		{BF75CC1B-B322-40F3-8A24-D308FFB7DB74}.Release|x86.Build.0 = Release|x86
		{BF75CC1B-B322-40F3-8A24-D308FFB7DB74}.Release|x86.Deploy.0 = Release|x86
		{2622C362-9C16-46BF-8C11-47EB4382095A}.Debug|Any CPU.ActiveCfg = Debug|Any CPU
		{2622C362-9C16-46BF-8C11-47EB4382095A}.Debug|Any CPU.Build.0 = Debug|Any CPU
		{2622C362-9C16-46BF-8C11-47EB4382095A}.Debug|ARM.ActiveCfg = Debug|Any CPU
		{2622C362-9C16-46BF-8C11-47EB4382095A}.Debug|ARM.Build.0 = Debug|Any CPU
		{2622C362-9C16-46BF-8C11-47EB4382095A}.Debug|ARM64.ActiveCfg = Debug|Any CPU
		{2622C362-9C16-46BF-8C11-47EB4382095A}.Debug|ARM64.Build.0 = Debug|Any CPU
		{2622C362-9C16-46BF-8C11-47EB4382095A}.Debug|x64.ActiveCfg = Debug|Any CPU
		{2622C362-9C16-46BF-8C11-47EB4382095A}.Debug|x64.Build.0 = Debug|Any CPU
		{2622C362-9C16-46BF-8C11-47EB4382095A}.Debug|x86.ActiveCfg = Debug|Any CPU
		{2622C362-9C16-46BF-8C11-47EB4382095A}.Debug|x86.Build.0 = Debug|Any CPU
		{2622C362-9C16-46BF-8C11-47EB4382095A}.Release|Any CPU.ActiveCfg = Release|Any CPU
		{2622C362-9C16-46BF-8C11-47EB4382095A}.Release|Any CPU.Build.0 = Release|Any CPU
		{2622C362-9C16-46BF-8C11-47EB4382095A}.Release|ARM.ActiveCfg = Release|Any CPU
		{2622C362-9C16-46BF-8C11-47EB4382095A}.Release|ARM.Build.0 = Release|Any CPU
		{2622C362-9C16-46BF-8C11-47EB4382095A}.Release|ARM64.ActiveCfg = Release|Any CPU
		{2622C362-9C16-46BF-8C11-47EB4382095A}.Release|ARM64.Build.0 = Release|Any CPU
		{2622C362-9C16-46BF-8C11-47EB4382095A}.Release|x64.ActiveCfg = Release|Any CPU
		{2622C362-9C16-46BF-8C11-47EB4382095A}.Release|x64.Build.0 = Release|Any CPU
		{2622C362-9C16-46BF-8C11-47EB4382095A}.Release|x86.ActiveCfg = Release|Any CPU
		{2622C362-9C16-46BF-8C11-47EB4382095A}.Release|x86.Build.0 = Release|Any CPU
		{FF14C096-194A-4087-8571-275D60C87340}.Debug|Any CPU.ActiveCfg = Debug|x86
		{FF14C096-194A-4087-8571-275D60C87340}.Debug|ARM.ActiveCfg = Debug|ARM
		{FF14C096-194A-4087-8571-275D60C87340}.Debug|ARM.Build.0 = Debug|ARM
		{FF14C096-194A-4087-8571-275D60C87340}.Debug|ARM.Deploy.0 = Debug|ARM
		{FF14C096-194A-4087-8571-275D60C87340}.Debug|ARM64.ActiveCfg = Debug|x86
		{FF14C096-194A-4087-8571-275D60C87340}.Debug|x64.ActiveCfg = Debug|x64
		{FF14C096-194A-4087-8571-275D60C87340}.Debug|x64.Build.0 = Debug|x64
		{FF14C096-194A-4087-8571-275D60C87340}.Debug|x64.Deploy.0 = Debug|x64
		{FF14C096-194A-4087-8571-275D60C87340}.Debug|x86.ActiveCfg = Debug|x86
		{FF14C096-194A-4087-8571-275D60C87340}.Debug|x86.Build.0 = Debug|x86
		{FF14C096-194A-4087-8571-275D60C87340}.Debug|x86.Deploy.0 = Debug|x86
		{FF14C096-194A-4087-8571-275D60C87340}.Release|Any CPU.ActiveCfg = Release|x86
		{FF14C096-194A-4087-8571-275D60C87340}.Release|ARM.ActiveCfg = Release|ARM
		{FF14C096-194A-4087-8571-275D60C87340}.Release|ARM.Build.0 = Release|ARM
		{FF14C096-194A-4087-8571-275D60C87340}.Release|ARM.Deploy.0 = Release|ARM
		{FF14C096-194A-4087-8571-275D60C87340}.Release|ARM64.ActiveCfg = Release|x86
		{FF14C096-194A-4087-8571-275D60C87340}.Release|x64.ActiveCfg = Release|x64
		{FF14C096-194A-4087-8571-275D60C87340}.Release|x64.Build.0 = Release|x64
		{FF14C096-194A-4087-8571-275D60C87340}.Release|x64.Deploy.0 = Release|x64
		{FF14C096-194A-4087-8571-275D60C87340}.Release|x86.ActiveCfg = Release|x86
		{FF14C096-194A-4087-8571-275D60C87340}.Release|x86.Build.0 = Release|x86
		{FF14C096-194A-4087-8571-275D60C87340}.Release|x86.Deploy.0 = Release|x86
		{85AD7B2D-DB8B-4769-A0BD-7EC1455EADC2}.Debug|Any CPU.ActiveCfg = Debug|Any CPU
		{85AD7B2D-DB8B-4769-A0BD-7EC1455EADC2}.Debug|Any CPU.Build.0 = Debug|Any CPU
		{85AD7B2D-DB8B-4769-A0BD-7EC1455EADC2}.Debug|ARM.ActiveCfg = Debug|Any CPU
		{85AD7B2D-DB8B-4769-A0BD-7EC1455EADC2}.Debug|ARM.Build.0 = Debug|Any CPU
		{85AD7B2D-DB8B-4769-A0BD-7EC1455EADC2}.Debug|ARM64.ActiveCfg = Debug|Any CPU
		{85AD7B2D-DB8B-4769-A0BD-7EC1455EADC2}.Debug|ARM64.Build.0 = Debug|Any CPU
		{85AD7B2D-DB8B-4769-A0BD-7EC1455EADC2}.Debug|x64.ActiveCfg = Debug|Any CPU
		{85AD7B2D-DB8B-4769-A0BD-7EC1455EADC2}.Debug|x64.Build.0 = Debug|Any CPU
		{85AD7B2D-DB8B-4769-A0BD-7EC1455EADC2}.Debug|x86.ActiveCfg = Debug|Any CPU
		{85AD7B2D-DB8B-4769-A0BD-7EC1455EADC2}.Debug|x86.Build.0 = Debug|Any CPU
		{85AD7B2D-DB8B-4769-A0BD-7EC1455EADC2}.Release|Any CPU.ActiveCfg = Release|Any CPU
		{85AD7B2D-DB8B-4769-A0BD-7EC1455EADC2}.Release|Any CPU.Build.0 = Release|Any CPU
		{85AD7B2D-DB8B-4769-A0BD-7EC1455EADC2}.Release|ARM.ActiveCfg = Release|Any CPU
		{85AD7B2D-DB8B-4769-A0BD-7EC1455EADC2}.Release|ARM.Build.0 = Release|Any CPU
		{85AD7B2D-DB8B-4769-A0BD-7EC1455EADC2}.Release|ARM64.ActiveCfg = Release|Any CPU
		{85AD7B2D-DB8B-4769-A0BD-7EC1455EADC2}.Release|ARM64.Build.0 = Release|Any CPU
		{85AD7B2D-DB8B-4769-A0BD-7EC1455EADC2}.Release|x64.ActiveCfg = Release|Any CPU
		{85AD7B2D-DB8B-4769-A0BD-7EC1455EADC2}.Release|x64.Build.0 = Release|Any CPU
		{85AD7B2D-DB8B-4769-A0BD-7EC1455EADC2}.Release|x86.ActiveCfg = Release|Any CPU
		{85AD7B2D-DB8B-4769-A0BD-7EC1455EADC2}.Release|x86.Build.0 = Release|Any CPU
	EndGlobalSection
	GlobalSection(SolutionProperties) = preSolution
		HideSolutionNode = FALSE
	EndGlobalSection
	GlobalSection(ExtensibilityGlobals) = postSolution
		SolutionGuid = {07211EF4-C3D7-4208-A3AD-EB2B3BE9E1D3}
	EndGlobalSection
EndGlobal
